%{"bear": {:hex, :bear, "0.8.3", "866002127a97932720a0d475d8582c98ec5fb78db3a18dfe7eaf91594d9024b8", [:rebar3], []},
  "certifi": {:hex, :certifi, "0.7.0", "861a57f3808f7eb0c2d1802afeaae0fa5de813b0df0979153cbafcd853ababaf", [:rebar3], []},
  "decorators": {:git, "git://github.com/chrisavl/erlang_decorators.git", "b14949efc938157604447adc29a71913298fe67f", [branch: "master"]},
  "edown": {:git, "https://github.com/uwiger/edown.git", "754be25f71a04099c83f3ffdff268e70beeb0021", [branch: "master"]},
  "elixometer": {:git, "https://github.com/pinterest/elixometer.git", "1ab2ddacbbaeba4e39417391d3d833104ca6ecfb", []},
  "exmetrics": {:hex, :exmetrics, "1.1.0", "280c72d1e3b895622e5f828f5005fbd6fffb735e7cad82dad17b5f4240154b57", [:mix], []},
  "exometer_core": {:hex, :exometer_core, "1.4.0", "a546ccd38be910de6ea75ea95b724b6b2db513c26f02e30919b25eb19651815a", [:rebar3], [{:edown, "0.7.0", [hex: :edown, optional: false]}, {:folsom, "0.8.3", [hex: :folsom, optional: false]}, {:lager, "3.0.2", [hex: :lager, optional: false]}, {:parse_trans, "2.9.0", [hex: :parse_trans, optional: false]}, {:setup, "1.7.0", [hex: :setup, optional: false]}]},
  "folsom": {:hex, :folsom, "0.8.3", "71cff146152fa95e6092e62119f9dc96888660111e7b61853c8fdcf80598a4e0", [:rebar3], [{:bear, "0.8.3", [hex: :bear, optional: false]}]},
  "fqc": {:git, "https://github.com/project-fifo/fqc.git", "883013e96408f98b29d016fa094b8ac7410c364e", [branch: "master"]},
  "goldrush": {:hex, :goldrush, "0.1.9", "f06e5d5f1277da5c413e84d5a2924174182fb108dabb39d5ec548b27424cd106", [:rebar3], []},
  "hackney": {:hex, :hackney, "1.6.5", "8c025ee397ac94a184b0743c73b33b96465e85f90a02e210e86df6cbafaa5065", [:rebar3], [{:certifi, "0.7.0", [hex: :certifi, optional: false]}, {:idna, "1.2.0", [hex: :idna, optional: false]}, {:metrics, "1.0.1", [hex: :metrics, optional: false]}, {:mimerl, "1.0.2", [hex: :mimerl, optional: false]}, {:ssl_verify_fun, "1.1.1", [hex: :ssl_verify_fun, optional: false]}]},
  "hdr_histogram": {:git, "https://github.com/HdrHistogram/hdr_histogram_erl.git", "46a4f86f3a9b72181859c2a30c8039c5d486248b", []},
  "httpoison": {:hex, :httpoison, "0.10.0", "4727b3a5e57e9a4ff168a3c2883e20f1208103a41bccc4754f15a9366f49b676", [:mix], [{:hackney, "~> 1.6.3", [hex: :hackney, optional: false]}]},
  "httpotion": {:hex, :httpotion, "3.0.2", "525b9bfeb592c914a61a8ee31fdde3871e1861dfe805f8ee5f711f9f11a93483", [:mix], [{:ibrowse, "~> 4.2", [hex: :ibrowse, optional: false]}]},
  "ibrowse": {:hex, :ibrowse, "4.4.0", "2d923325efe0d2cb09b9c6a047b2835a5eda69d8a47ed6ff8bc03628b764e991", [:rebar3], []},
  "idna": {:hex, :idna, "1.2.0", "ac62ee99da068f43c50dc69acf700e03a62a348360126260e87f2b54eced86b2", [:rebar3], []},
  "jiffy": {:hex, :jiffy, "0.14.11", "919a87d491c5a6b5e3bbc27fafedc3a0761ca0b4c405394f121f582fd4e3f0e5", [:rebar3], []},
  "lager": {:hex, :lager, "3.2.4", "a6deb74dae7927f46bd13255268308ef03eb206ec784a94eaf7c1c0f3b811615", [:rebar3], [{:goldrush, "0.1.9", [hex: :goldrush, optional: false]}]},
  "lhttpc": {:git, "git://github.com/ferd/lhttpc.git", "28d5562be7e53576b624a6f82deac7303ce8f2dd", [ref: "master"]},
  "metrics": {:hex, :metrics, "1.0.1", "25f094dea2cda98213cecc3aeff09e940299d950904393b2a29d191c346a8486", [:rebar3], []},
  "mime": {:hex, :mime, "1.0.1", "05c393850524767d13a53627df71beeebb016205eb43bfbd92d14d24ec7a1b51", [:mix], []},
  "mimerl": {:hex, :mimerl, "1.0.2", "993f9b0e084083405ed8252b99460c4f0563e41729ab42d9074fd5e52439be88", [:rebar3], []},
  "newrelic": {:git, "https://github.com/wooga/newrelic-erlang.git", "ce63c4a69561d3677f45334ba2c93876b4661229", []},
  "parse_trans": {:git, "git://github.com/uwiger/parse_trans.git", "6f3645afb43c7c57d61b54ef59aecab288ce1013", [branch: "master"]},
  "plug": {:hex, :plug, "1.2.0", "496bef96634a49d7803ab2671482f0c5ce9ce0b7b9bc25bc0ae8e09859dd2004", [:mix], [{:cowboy, "~> 1.0", [hex: :cowboy, optional: true]}, {:mime, "~> 1.0", [hex: :mime, optional: false]}]},
  "pobox": {:hex, :pobox, "1.0.2", "45a5bc91e3cf20f9bc0b94494f00fcdccbc333ab2e0856972b7f0f196fc41613", [:rebar3], []},
  "poison": {:hex, :poison, "3.1.0", "d9eb636610e096f86f25d9a46f35a9facac35609a7591b3be3326e99a0484665", [:mix], []},
  "setup": {:hex, :setup, "1.7.0", "15df8e57c6df9755e22bfb1aef0c640bd97e9889396fdfb2a85a5536a9043674", [:rebar3], []},
  "ssl_verify_fun": {:hex, :ssl_verify_fun, "1.1.1", "28a4d65b7f59893bc2c7de786dec1e1555bd742d336043fe644ae956c3497fbe", [:make, :rebar], []},
  "statman": {:git, "git://github.com/knutin/statman.git", "e6ff10815eac1e613b619e69db06d635f1a4a488", [ref: "master"]}}
